// !$*UTF8*$!
{
	archiveVersion = 1;
	classes = {
	};
	objectVersion = 55;
	objects = {

/* Begin PBXBuildFile section */
		E49DBFBF27F2F994004F891A /* AppDelegate.swift in Sources */ = {isa = PBXBuildFile; fileRef = E49DBFBE27F2F994004F891A /* AppDelegate.swift */; };
		E49DBFC127F2F994004F891A /* SceneDelegate.swift in Sources */ = {isa = PBXBuildFile; fileRef = E49DBFC027F2F994004F891A /* SceneDelegate.swift */; };
		E49DBFC327F2F994004F891A /* ViewController.swift in Sources */ = {isa = PBXBuildFile; fileRef = E49DBFC227F2F994004F891A /* ViewController.swift */; };
		E49DBFC627F2F994004F891A /* Main.storyboard in Resources */ = {isa = PBXBuildFile; fileRef = E49DBFC427F2F994004F891A /* Main.storyboard */; };
		E49DBFC827F2F997004F891A /* Assets.xcassets in Resources */ = {isa = PBXBuildFile; fileRef = E49DBFC727F2F997004F891A /* Assets.xcassets */; };
		E49DBFCB27F2F997004F891A /* LaunchScreen.storyboard in Resources */ = {isa = PBXBuildFile; fileRef = E49DBFC927F2F997004F891A /* LaunchScreen.storyboard */; };
		E49DBFD627F2F997004F891A /* Hackwich_11Tests.swift in Sources */ = {isa = PBXBuildFile; fileRef = E49DBFD527F2F997004F891A /* Hackwich_11Tests.swift */; };
		E49DBFE027F2F997004F891A /* Hackwich_11UITests.swift in Sources */ = {isa = PBXBuildFile; fileRef = E49DBFDF27F2F997004F891A /* Hackwich_11UITests.swift */; };
		E49DBFE227F2F997004F891A /* Hackwich_11UITestsLaunchTests.swift in Sources */ = {isa = PBXBuildFile; fileRef = E49DBFE127F2F997004F891A /* Hackwich_11UITestsLaunchTests.swift */; };
		E49DBFEF27F2FF43004F891A /* Restaurant.swift in Sources */ = {isa = PBXBuildFile; fileRef = E49DBFEE27F2FF43004F891A /* Restaurant.swift */; };
/* End PBXBuildFile section */

/* Begin PBXContainerItemProxy section */
		E49DBFD227F2F997004F891A /* PBXContainerItemProxy */ = {
			isa = PBXContainerItemProxy;
			containerPortal = E49DBFB327F2F994004F891A /* Project object */;
			proxyType = 1;
			remoteGlobalIDString = E49DBFBA27F2F994004F891A;
			remoteInfo = "Hackwich 11";
		};
		E49DBFDC27F2F997004F891A /* PBXContainerItemProxy */ = {
			isa = PBXContainerItemProxy;
			containerPortal = E49DBFB327F2F994004F891A /* Project object */;
			proxyType = 1;
			remoteGlobalIDString = E49DBFBA27F2F994004F891A;
			remoteInfo = "Hackwich 11";
		};
/* End PBXContainerItemProxy section */

/* Begin PBXFileReference section */
		E49DBFBB27F2F994004F891A /* Hackwich 11.app */ = {isa = PBXFileReference; explicitFileType = wrapper.application; includeInIndex = 0; path = "Hackwich 11.app"; sourceTree = BUILT_PRODUCTS_DIR; };
		E49DBFBE27F2F994004F891A /* AppDelegate.swift */ = {isa = PBXFileReference; lastKnownFileType = sourcecode.swift; path = AppDelegate.swift; sourceTree = "<group>"; };
		E49DBFC027F2F994004F891A /* SceneDelegate.swift */ = {isa = PBXFileReference; lastKnownFileType = sourcecode.swift; path = SceneDelegate.swift; sourceTree = "<group>"; };
		E49DBFC227F2F994004F891A /* ViewController.swift */ = {isa = PBXFileReference; lastKnownFileType = sourcecode.swift; path = ViewController.swift; sourceTree = "<group>"; };
		E49DBFC527F2F994004F891A /* Base */ = {isa = PBXFileReference; lastKnownFileType = file.storyboard; name = Base; path = Base.lproj/Main.storyboard; sourceTree = "<group>"; };
		E49DBFC727F2F997004F891A /* Assets.xcassets */ = {isa = PBXFileReference; lastKnownFileType = folder.assetcatalog; path = Assets.xcassets; sourceTree = "<group>"; };
		E49DBFCA27F2F997004F891A /* Base */ = {isa = PBXFileReference; lastKnownFileType = file.storyboard; name = Base; path = Base.lproj/LaunchScreen.storyboard; sourceTree = "<group>"; };
		E49DBFCC27F2F997004F891A /* Info.plist */ = {isa = PBXFileReference; lastKnownFileType = text.plist.xml; path = Info.plist; sourceTree = "<group>"; };
		E49DBFD127F2F997004F891A /* Hackwich 11Tests.xctest */ = {isa = PBXFileReference; explicitFileType = wrapper.cfbundle; includeInIndex = 0; path = "Hackwich 11Tests.xctest"; sourceTree = BUILT_PRODUCTS_DIR; };
		E49DBFD527F2F997004F891A /* Hackwich_11Tests.swift */ = {isa = PBXFileReference; lastKnownFileType = sourcecode.swift; path = Hackwich_11Tests.swift; sourceTree = "<group>"; };
		E49DBFDB27F2F997004F891A /* Hackwich 11UITests.xctest */ = {isa = PBXFileReference; explicitFileType = wrapper.cfbundle; includeInIndex = 0; path = "Hackwich 11UITests.xctest"; sourceTree = BUILT_PRODUCTS_DIR; };
		E49DBFDF27F2F997004F891A /* Hackwich_11UITests.swift */ = {isa = PBXFileReference; lastKnownFileType = sourcecode.swift; path = Hackwich_11UITests.swift; sourceTree = "<group>"; };
		E49DBFE127F2F997004F891A /* Hackwich_11UITestsLaunchTests.swift */ = {isa = PBXFileReference; lastKnownFileType = sourcecode.swift; path = Hackwich_11UITestsLaunchTests.swift; sourceTree = "<group>"; };
		E49DBFEE27F2FF43004F891A /* Restaurant.swift */ = {isa = PBXFileReference; lastKnownFileType = sourcecode.swift; path = Restaurant.swift; sourceTree = "<group>"; };
/* End PBXFileReference section */

/* Begin PBXFrameworksBuildPhase section */
		E49DBFB827F2F994004F891A /* Frameworks */ = {
			isa = PBXFrameworksBuildPhase;
			buildActionMask = 2147483647;
			files = (
			);
			runOnlyForDeploymentPostprocessing = 0;
		};
		E49DBFCE27F2F997004F891A /* Frameworks */ = {
			isa = PBXFrameworksBuildPhase;
			buildActionMask = 2147483647;
			files = (
			);
			runOnlyForDeploymentPostprocessing = 0;
		};
		E49DBFD827F2F997004F891A /* Frameworks */ = {
			isa = PBXFrameworksBuildPhase;
			buildActionMask = 2147483647;
			files = (
			);
			runOnlyForDeploymentPostprocessing = 0;
		};
/* End PBXFrameworksBuildPhase section */

/* Begin PBXGroup section */
		E49DBFB227F2F994004F891A = {
			isa = PBXGroup;
			children = (
				E49DBFBD27F2F994004F891A /* Hackwich 11 */,
				E49DBFD427F2F997004F891A /* Hackwich 11Tests */,
				E49DBFDE27F2F997004F891A /* Hackwich 11UITests */,
				E49DBFBC27F2F994004F891A /* Products */,
			);
			sourceTree = "<group>";
		};
		E49DBFBC27F2F994004F891A /* Products */ = {
			isa = PBXGroup;
			children = (
				E49DBFBB27F2F994004F891A /* Hackwich 11.app */,
				E49DBFD127F2F997004F891A /* Hackwich 11Tests.xctest */,
				E49DBFDB27F2F997004F891A /* Hackwich 11UITests.xctest */,
			);
			name = Products;
			sourceTree = "<group>";
		};
		E49DBFBD27F2F994004F891A /* Hackwich 11 */ = {
			isa = PBXGroup;
			children = (
				E49DBFBE27F2F994004F891A /* AppDelegate.swift */,
				E49DBFC027F2F994004F891A /* SceneDelegate.swift */,
				E49DBFC227F2F994004F891A /* ViewController.swift */,
				E49DBFEE27F2FF43004F891A /* Restaurant.swift */,
				E49DBFC427F2F994004F891A /* Main.storyboard */,
				E49DBFC727F2F997004F891A /* Assets.xcassets */,
				E49DBFC927F2F997004F891A /* LaunchScreen.storyboard */,
				E49DBFCC27F2F997004F891A /* Info.plist */,
			);
			path = "Hackwich 11";
			sourceTree = "<group>";
		};
		E49DBFD427F2F997004F891A /* Hackwich 11Tests */ = {
			isa = PBXGroup;
			children = (
				E49DBFD527F2F997004F891A /* Hackwich_11Tests.swift */,
			);
			path = "Hackwich 11Tests";
			sourceTree = "<group>";
		};
		E49DBFDE27F2F997004F891A /* Hackwich 11UITests */ = {
			isa = PBXGroup;
			children = (
				E49DBFDF27F2F997004F891A /* Hackwich_11UITests.swift */,
				E49DBFE127F2F997004F891A /* Hackwich_11UITestsLaunchTests.swift */,
			);
			path = "Hackwich 11UITests";
			sourceTree = "<group>";
		};
/* End PBXGroup section */

/* Begin PBXNativeTarget section */
		E49DBFBA27F2F994004F891A /* Hackwich 11 */ = {
			isa = PBXNativeTarget;
			buildConfigurationList = E49DBFE527F2F997004F891A /* Build configuration list for PBXNativeTarget "Hackwich 11" */;
			buildPhases = (
				E49DBFB727F2F994004F891A /* Sources */,
				E49DBFB827F2F994004F891A /* Frameworks */,
				E49DBFB927F2F994004F891A /* Resources */,
			);
			buildRules = (
			);
			dependencies = (
			);
			name = "Hackwich 11";
			productName = "Hackwich 11";
			productReference = E49DBFBB27F2F994004F891A /* Hackwich 11.app */;
			productType = "com.apple.product-type.application";
		};
		E49DBFD027F2F997004F891A /* Hackwich 11Tests */ = {
			isa = PBXNativeTarget;
			buildConfigurationList = E49DBFE827F2F997004F891A /* Build configuration list for PBXNativeTarget "Hackwich 11Tests" */;
			buildPhases = (
				E49DBFCD27F2F997004F891A /* Sources */,
				E49DBFCE27F2F997004F891A /* Frameworks */,
				E49DBFCF27F2F997004F891A /* Resources */,
			);
			buildRules = (
			);
			dependencies = (
				E49DBFD327F2F997004F891A /* PBXTargetDependency */,
			);
			name = "Hackwich 11Tests";
			productName = "Hackwich 11Tests";
			productReference = E49DBFD127F2F997004F891A /* Hackwich 11Tests.xctest */;
			productType = "com.apple.product-type.bundle.unit-test";
		};
		E49DBFDA27F2F997004F891A /* Hackwich 11UITests */ = {
			isa = PBXNativeTarget;
			buildConfigurationList = E49DBFEB27F2F997004F891A /* Build configuration list for PBXNativeTarget "Hackwich 11UITests" */;
			buildPhases = (
				E49DBFD727F2F997004F891A /* Sources */,
				E49DBFD827F2F997004F891A /* Frameworks */,
				E49DBFD927F2F997004F891A /* Resources */,
			);
			buildRules = (
			);
			dependencies = (
				E49DBFDD27F2F997004F891A /* PBXTargetDependency */,
			);
			name = "Hackwich 11UITests";
			productName = "Hackwich 11UITests";
			productReference = E49DBFDB27F2F997004F891A /* Hackwich 11UITests.xctest */;
			productType = "com.apple.product-type.bundle.ui-testing";
		};
/* End PBXNativeTarget section */

/* Begin PBXProject section */
		E49DBFB327F2F994004F891A /* Project object */ = {
			isa = PBXProject;
			attributes = {
				BuildIndependentTargetsInParallel = 1;
				LastSwiftUpdateCheck = 1330;
				LastUpgradeCheck = 1330;
				TargetAttributes = {
					E49DBFBA27F2F994004F891A = {
						CreatedOnToolsVersion = 13.3;
					};
					E49DBFD027F2F997004F891A = {
						CreatedOnToolsVersion = 13.3;
						TestTargetID = E49DBFBA27F2F994004F891A;
					};
					E49DBFDA27F2F997004F891A = {
						CreatedOnToolsVersion = 13.3;
						TestTargetID = E49DBFBA27F2F994004F891A;
					};
				};
			};
			buildConfigurationList = E49DBFB627F2F994004F891A /* Build configuration list for PBXProject "Hackwich 11" */;
			compatibilityVersion = "Xcode 13.0";
			developmentRegion = en;
			hasScannedForEncodings = 0;
			knownRegions = (
				en,
				Base,
			);
			mainGroup = E49DBFB227F2F994004F891A;
			productRefGroup = E49DBFBC27F2F994004F891A /* Products */;
			projectDirPath = "";
			projectRoot = "";
			targets = (
				E49DBFBA27F2F994004F891A /* Hackwich 11 */,
				E49DBFD027F2F997004F891A /* Hackwich 11Tests */,
				E49DBFDA27F2F997004F891A /* Hackwich 11UITests */,
			);
		};
/* End PBXProject section */

/* Begin PBXResourcesBuildPhase section */
		E49DBFB927F2F994004F891A /* Resources */ = {
			isa = PBXResourcesBuildPhase;
			buildActionMask = 2147483647;
			files = (
				E49DBFCB27F2F997004F891A /* LaunchScreen.storyboard in Resources */,
				E49DBFC827F2F997004F891A /* Assets.xcassets in Resources */,
				E49DBFC627F2F994004F891A /* Main.storyboard in Resources */,
			);
			runOnlyForDeploymentPostprocessing = 0;
		};
		E49DBFCF27F2F997004F891A /* Resources */ = {
			isa = PBXResourcesBuildPhase;
			buildActionMask = 2147483647;
			files = (
			);
			runOnlyForDeploymentPostprocessing = 0;
		};
		E49DBFD927F2F997004F891A /* Resources */ = {
			isa = PBXResourcesBuildPhase;
			buildActionMask = 2147483647;
			files = (
			);
			runOnlyForDeploymentPostprocessing = 0;
		};
/* End PBXResourcesBuildPhase section */

/* Begin PBXSourcesBuildPhase section */
		E49DBFB727F2F994004F891A /* Sources */ = {
			isa = PBXSourcesBuildPhase;
			buildActionMask = 2147483647;
			files = (
				E49DBFEF27F2FF43004F891A /* Restaurant.swift in Sources */,
				E49DBFC327F2F994004F891A /* ViewController.swift in Sources */,
				E49DBFBF27F2F994004F891A /* AppDelegate.swift in Sources */,
				E49DBFC127F2F994004F891A /* SceneDelegate.swift in Sources */,
			);
			runOnlyForDeploymentPostprocessing = 0;
		};
		E49DBFCD27F2F997004F891A /* Sources */ = {
			isa = PBXSourcesBuildPhase;
			buildActionMask = 2147483647;
			files = (
				E49DBFD627F2F997004F891A /* Hackwich_11Tests.swift in Sources */,
			);
			runOnlyForDeploymentPostprocessing = 0;
		};
		E49DBFD727F2F997004F891A /* Sources */ = {
			isa = PBXSourcesBuildPhase;
			buildActionMask = 2147483647;
			files = (
				E49DBFE227F2F997004F891A /* Hackwich_11UITestsLaunchTests.swift in Sources */,
				E49DBFE027F2F997004F891A /* Hackwich_11UITests.swift in Sources */,
			);
			runOnlyForDeploymentPostprocessing = 0;
		};
/* End PBXSourcesBuildPhase section */

/* Begin PBXTargetDependency section */
		E49DBFD327F2F997004F891A /* PBXTargetDependency */ = {
			isa = PBXTargetDependency;
			target = E49DBFBA27F2F994004F891A /* Hackwich 11 */;
			targetProxy = E49DBFD227F2F997004F891A /* PBXContainerItemProxy */;
		};
		E49DBFDD27F2F997004F891A /* PBXTargetDependency */ = {
			isa = PBXTargetDependency;
			target = E49DBFBA27F2F994004F891A /* Hackwich 11 */;
			targetProxy = E49DBFDC27F2F997004F891A /* PBXContainerItemProxy */;
		};
/* End PBXTargetDependency section */

/* Begin PBXVariantGroup section */
		E49DBFC427F2F994004F891A /* Main.storyboard */ = {
			isa = PBXVariantGroup;
			children = (
				E49DBFC527F2F994004F891A /* Base */,
			);
			name = Main.storyboard;
			sourceTree = "<group>";
		};
		E49DBFC927F2F997004F891A /* LaunchScreen.storyboard */ = {
			isa = PBXVariantGroup;
			children = (
				E49DBFCA27F2F997004F891A /* Base */,
			);
			name = LaunchScreen.storyboard;
			sourceTree = "<group>";
		};
/* End PBXVariantGroup section */

/* Begin XCBuildConfiguration section */
		E49DBFE327F2F997004F891A /* Debug */ = {
			isa = XCBuildConfiguration;
			buildSettings = {
				ALWAYS_SEARCH_USER_PATHS = NO;
				CLANG_ANALYZER_NONNULL = YES;
				CLANG_ANALYZER_NUMBER_OBJECT_CONVERSION = YES_AGGRESSIVE;
				CLANG_CXX_LANGUAGE_STANDARD = "gnu++17";
				CLANG_ENABLE_MODULES = YES;
				CLANG_ENABLE_OBJC_ARC = YES;
				CLANG_ENABLE_OBJC_WEAK = YES;
				CLANG_WARN_BLOCK_CAPTURE_AUTORELEASING = YES;
				CLANG_WARN_BOOL_CONVERSION = YES;
				CLANG_WARN_COMMA = YES;
				CLANG_WARN_CONSTANT_CONVERSION = YES;
				CLANG_WARN_DEPRECATED_OBJC_IMPLEMENTATIONS = YES;
				CLANG_WARN_DIRECT_OBJC_ISA_USAGE = YES_ERROR;
				CLANG_WARN_DOCUMENTATION_COMMENTS = YES;
				CLANG_WARN_EMPTY_BODY = YES;
				CLANG_WARN_ENUM_CONVERSION = YES;
				CLANG_WARN_INFINITE_RECURSION = YES;
				CLANG_WARN_INT_CONVERSION = YES;
				CLANG_WARN_NON_LITERAL_NULL_CONVERSION = YES;
				CLANG_WARN_OBJC_IMPLICIT_RETAIN_SELF = YES;
				CLANG_WARN_OBJC_LITERAL_CONVERSION = YES;
				CLANG_WARN_OBJC_ROOT_CLASS = YES_ERROR;
				CLANG_WARN_QUOTED_INCLUDE_IN_FRAMEWORK_HEADER = YES;
				CLANG_WARN_RANGE_LOOP_ANALYSIS = YES;
				CLANG_WARN_STRICT_PROTOTYPES = YES;
				CLANG_WARN_SUSPICIOUS_MOVE = YES;
				CLANG_WARN_UNGUARDED_AVAILABILITY = YES_AGGRESSIVE;
				CLANG_WARN_UNREACHABLE_CODE = YES;
				CLANG_WARN__DUPLICATE_METHOD_MATCH = YES;
				COPY_PHASE_STRIP = NO;
				DEBUG_INFORMATION_FORMAT = dwarf;
				ENABLE_STRICT_OBJC_MSGSEND = YES;
				ENABLE_TESTABILITY = YES;
				GCC_C_LANGUAGE_STANDARD = gnu11;
				GCC_DYNAMIC_NO_PIC = NO;
				GCC_NO_COMMON_BLOCKS = YES;
				GCC_OPTIMIZATION_LEVEL = 0;
				GCC_PREPROCESSOR_DEFINITIONS = (
					"DEBUG=1",
					"$(inherited)",
				);
				GCC_WARN_64_TO_32_BIT_CONVERSION = YES;
				GCC_WARN_ABOUT_RETURN_TYPE = YES_ERROR;
				GCC_WARN_UNDECLARED_SELECTOR = YES;
				GCC_WARN_UNINITIALIZED_AUTOS = YES_AGGRESSIVE;
				GCC_WARN_UNUSED_FUNCTION = YES;
				GCC_WARN_UNUSED_VARIABLE = YES;
				IPHONEOS_DEPLOYMENT_TARGET = 15.4;
				MTL_ENABLE_DEBUG_INFO = INCLUDE_SOURCE;
				MTL_FAST_MATH = YES;
				ONLY_ACTIVE_ARCH = YES;
				SDKROOT = iphoneos;
				SWIFT_ACTIVE_COMPILATION_CONDITIONS = DEBUG;
				SWIFT_OPTIMIZATION_LEVEL = "-Onone";
			};
			name = Debug;
		};
		E49DBFE427F2F997004F891A /* Release */ = {
			isa = XCBuildConfiguration;
			buildSettings = {
				ALWAYS_SEARCH_USER_PATHS = NO;
				CLANG_ANALYZER_NONNULL = YES;
				CLANG_ANALYZER_NUMBER_OBJECT_CONVERSION = YES_AGGRESSIVE;
				CLANG_CXX_LANGUAGE_STANDARD = "gnu++17";
				CLANG_ENABLE_MODULES = YES;
				CLANG_ENABLE_OBJC_ARC = YES;
				CLANG_ENABLE_OBJC_WEAK = YES;
				CLANG_WARN_BLOCK_CAPTURE_AUTORELEASING = YES;
				CLANG_WARN_BOOL_CONVERSION = YES;
				CLANG_WARN_COMMA = YES;
				CLANG_WARN_CONSTANT_CONVERSION = YES;
				CLANG_WARN_DEPRECATED_OBJC_IMPLEMENTATIONS = YES;
				CLANG_WARN_DIRECT_OBJC_ISA_USAGE = YES_ERROR;
				CLANG_WARN_DOCUMENTATION_COMMENTS = YES;
				CLANG_WARN_EMPTY_BODY = YES;
				CLANG_WARN_ENUM_CONVERSION = YES;
				CLANG_WARN_INFINITE_RECURSION = YES;
				CLANG_WARN_INT_CONVERSION = YES;
				CLANG_WARN_NON_LITERAL_NULL_CONVERSION = YES;
				CLANG_WARN_OBJC_IMPLICIT_RETAIN_SELF = YES;
				CLANG_WARN_OBJC_LITERAL_CONVERSION = YES;
				CLANG_WARN_OBJC_ROOT_CLASS = YES_ERROR;
				CLANG_WARN_QUOTED_INCLUDE_IN_FRAMEWORK_HEADER = YES;
				CLANG_WARN_RANGE_LOOP_ANALYSIS = YES;
				CLANG_WARN_STRICT_PROTOTYPES = YES;
				CLANG_WARN_SUSPICIOUS_MOVE = YES;
				CLANG_WARN_UNGUARDED_AVAILABILITY = YES_AGGRESSIVE;
				CLANG_WARN_UNREACHABLE_CODE = YES;
				CLANG_WARN__DUPLICATE_METHOD_MATCH = YES;
				COPY_PHASE_STRIP = NO;
				DEBUG_INFORMATION_FORMAT = "dwarf-with-dsym";
				ENABLE_NS_ASSERTIONS = NO;
				ENABLE_STRICT_OBJC_MSGSEND = YES;
				GCC_C_LANGUAGE_STANDARD = gnu11;
				GCC_NO_COMMON_BLOCKS = YES;
				GCC_WARN_64_TO_32_BIT_CONVERSION = YES;
				GCC_WARN_ABOUT_RETURN_TYPE = YES_ERROR;
				GCC_WARN_UNDECLARED_SELECTOR = YES;
				GCC_WARN_UNINITIALIZED_AUTOS = YES_AGGRESSIVE;
				GCC_WARN_UNUSED_FUNCTION = YES;
				GCC_WARN_UNUSED_VARIABLE = YES;
				IPHONEOS_DEPLOYMENT_TARGET = 15.4;
				MTL_ENABLE_DEBUG_INFO = NO;
				MTL_FAST_MATH = YES;
				SDKROOT = iphoneos;
				SWIFT_COMPILATION_MODE = wholemodule;
				SWIFT_OPTIMIZATION_LEVEL = "-O";
				VALIDATE_PRODUCT = YES;
			};
			name = Release;
		};
		E49DBFE627F2F997004F891A /* Debug */ = {
			isa = XCBuildConfiguration;
			buildSettings = {
				ASSETCATALOG_COMPILER_APPICON_NAME = AppIcon;
				ASSETCATALOG_COMPILER_GLOBAL_ACCENT_COLOR_NAME = AccentColor;
				CODE_SIGN_STYLE = Automatic;
				CURRENT_PROJECT_VERSION = 1;
				DEVELOPMENT_TEAM = UU2Z375723;
				GENERATE_INFOPLIST_FILE = YES;
				INFOPLIST_FILE = "Hackwich 11/Info.plist";
				INFOPLIST_KEY_UIApplicationSupportsIndirectInputEvents = YES;
				INFOPLIST_KEY_UILaunchStoryboardName = LaunchScreen;
				INFOPLIST_KEY_UIMainStoryboardFile = Main;
				INFOPLIST_KEY_UISupportedInterfaceOrientations_iPad = "UIInterfaceOrientationPortrait UIInterfaceOrientationPortraitUpsideDown UIInterfaceOrientationLandscapeLeft UIInterfaceOrientationLandscapeRight";
				INFOPLIST_KEY_UISupportedInterfaceOrientations_iPhone = "UIInterfaceOrientationPortrait UIInterfaceOrientationLandscapeLeft UIInterfaceOrientationLandscapeRight";
				LD_RUNPATH_SEARCH_PATHS = (
					"$(inherited)",
					"@executable_path/Frameworks",
				);
				MARKETING_VERSION = 1.0;
				PRODUCT_BUNDLE_IDENTIFIER = "UHWO.Hackwich-11";
				PRODUCT_NAME = "$(TARGET_NAME)";
				SWIFT_EMIT_LOC_STRINGS = YES;
				SWIFT_VERSION = 5.0;
				TARGETED_DEVICE_FAMILY = "1,2";
			};
			name = Debug;
		};
		E49DBFE727F2F997004F891A /* Release */ = {
			isa = XCBuildConfiguration;
			buildSettings = {
				ASSETCATALOG_COMPILER_APPICON_NAME = AppIcon;
				ASSETCATALOG_COMPILER_GLOBAL_ACCENT_COLOR_NAME = AccentColor;
				CODE_SIGN_STYLE = Automatic;
				CURRENT_PROJECT_VERSION = 1;
				DEVELOPMENT_TEAM = UU2Z375723;
				GENERATE_INFOPLIST_FILE = YES;
				INFOPLIST_FILE = "Hackwich 11/Info.plist";
				INFOPLIST_KEY_UIApplicationSupportsIndirectInputEvents = YES;
				INFOPLIST_KEY_UILaunchStoryboardName = LaunchScreen;
				INFOPLIST_KEY_UIMainStoryboardFile = Main;
				INFOPLIST_KEY_UISupportedInterfaceOrientations_iPad = "UIInterfaceOrientationPortrait UIInterfaceOrientationPortraitUpsideDown UIInterfaceOrientationLandscapeLeft UIInterfaceOrientationLandscapeRight";
				INFOPLIST_KEY_UISupportedInterfaceOrientations_iPhone = "UIInterfaceOrientationPortrait UIInterfaceOrientationLandscapeLeft UIInterfaceOrientationLandscapeRight";
				LD_RUNPATH_SEARCH_PATHS = (
					"$(inherited)",
					"@executable_path/Frameworks",
				);
				MARKETING_VERSION = 1.0;
				PRODUCT_BUNDLE_IDENTIFIER = "UHWO.Hackwich-11";
				PRODUCT_NAME = "$(TARGET_NAME)";
				SWIFT_EMIT_LOC_STRINGS = YES;
				SWIFT_VERSION = 5.0;
				TARGETED_DEVICE_FAMILY = "1,2";
			};
			name = Release;
		};
		E49DBFE927F2F997004F891A /* Debug */ = {
			isa = XCBuildConfiguration;
			buildSettings = {
				ALWAYS_EMBED_SWIFT_STANDARD_LIBRARIES = YES;
				BUNDLE_LOADER = "$(TEST_HOST)";
				CODE_SIGN_STYLE = Automatic;
				CURRENT_PROJECT_VERSION = 1;
				DEVELOPMENT_TEAM = UU2Z375723;
				GENERATE_INFOPLIST_FILE = YES;
				IPHONEOS_DEPLOYMENT_TARGET = 15.4;
				MARKETING_VERSION = 1.0;
				PRODUCT_BUNDLE_IDENTIFIER = "UHWO.Hackwich-11Tests";
				PRODUCT_NAME = "$(TARGET_NAME)";
				SWIFT_EMIT_LOC_STRINGS = NO;
				SWIFT_VERSION = 5.0;
				TARGETED_DEVICE_FAMILY = "1,2";
				TEST_HOST = "$(BUILT_PRODUCTS_DIR)/Hackwich 11.app/Hackwich 11";
			};
			name = Debug;
		};
		E49DBFEA27F2F997004F891A /* Release */ = {
			isa = XCBuildConfiguration;
			buildSettings = {
				ALWAYS_EMBED_SWIFT_STANDARD_LIBRARIES = YES;
				BUNDLE_LOADER = "$(TEST_HOST)";
				CODE_SIGN_STYLE = Automatic;
				CURRENT_PROJECT_VERSION = 1;
				DEVELOPMENT_TEAM = UU2Z375723;
				GENERATE_INFOPLIST_FILE = YES;
				IPHONEOS_DEPLOYMENT_TARGET = 15.4;
				MARKETING_VERSION = 1.0;
				PRODUCT_BUNDLE_IDENTIFIER = "UHWO.Hackwich-11Tests";
				PRODUCT_NAME = "$(TARGET_NAME)";
				SWIFT_EMIT_LOC_STRINGS = NO;
				SWIFT_VERSION = 5.0;
				TARGETED_DEVICE_FAMILY = "1,2";
				TEST_HOST = "$(BUILT_PRODUCTS_DIR)/Hackwich 11.app/Hackwich 11";
			};
			name = Release;
		};
		E49DBFEC27F2F997004F891A /* Debug */ = {
			isa = XCBuildConfiguration;
			buildSettings = {
				ALWAYS_EMBED_SWIFT_STANDARD_LIBRARIES = YES;
				CODE_SIGN_STYLE = Automatic;
				CURRENT_PROJECT_VERSION = 1;
				DEVELOPMENT_TEAM = UU2Z375723;
				GENERATE_INFOPLIST_FILE = YES;
				MARKETING_VERSION = 1.0;
				PRODUCT_BUNDLE_IDENTIFIER = "UHWO.Hackwich-11UITests";
				PRODUCT_NAME = "$(TARGET_NAME)";
				SWIFT_EMIT_LOC_STRINGS = NO;
				SWIFT_VERSION = 5.0;
				TARGETED_DEVICE_FAMILY = "1,2";
				TEST_TARGET_NAME = "Hackwich 11";
			};
			name = Debug;
		};
		E49DBFED27F2F997004F891A /* Release */ = {
			isa = XCBuildConfiguration;
			buildSettings = {
				ALWAYS_EMBED_SWIFT_STANDARD_LIBRARIES = YES;
				CODE_SIGN_STYLE = Automatic;
				CURRENT_PROJECT_VERSION = 1;
				DEVELOPMENT_TEAM = UU2Z375723;
				GENERATE_INFOPLIST_FILE = YES;
				MARKETING_VERSION = 1.0;
				PRODUCT_BUNDLE_IDENTIFIER = "UHWO.Hackwich-11UITests";
				PRODUCT_NAME = "$(TARGET_NAME)";
				SWIFT_EMIT_LOC_STRINGS = NO;
				SWIFT_VERSION = 5.0;
				TARGETED_DEVICE_FAMILY = "1,2";
				TEST_TARGET_NAME = "Hackwich 11";
			};
			name = Release;
		};
/* End XCBuildConfiguration section */

/* Begin XCConfigurationList section */
		E49DBFB627F2F994004F891A /* Build configuration list for PBXProject "Hackwich 11" */ = {
			isa = XCConfigurationList;
			buildConfigurations = (
				E49DBFE327F2F997004F891A /* Debug */,
				E49DBFE427F2F997004F891A /* Release */,
			);
			defaultConfigurationIsVisible = 0;
			defaultConfigurationName = Release;
		};
		E49DBFE527F2F997004F891A /* Build configuration list for PBXNativeTarget "Hackwich 11" */ = {
			isa = XCConfigurationList;
			buildConfigurations = (
				E49DBFE627F2F997004F891A /* Debug */,
				E49DBFE727F2F997004F891A /* Release */,
			);
			defaultConfigurationIsVisible = 0;
			defaultConfigurationName = Release;
		};
		E49DBFE827F2F997004F891A /* Build configuration list for PBXNativeTarget "Hackwich 11Tests" */ = {
			isa = XCConfigurationList;
			buildConfigurations = (
				E49DBFE927F2F997004F891A /* Debug */,
				E49DBFEA27F2F997004F891A /* Release */,
			);
			defaultConfigurationIsVisible = 0;
			defaultConfigurationName = Release;
		};
		E49DBFEB27F2F997004F891A /* Build configuration list for PBXNativeTarget "Hackwich 11UITests" */ = {
			isa = XCConfigurationList;
			buildConfigurations = (
				E49DBFEC27F2F997004F891A /* Debug */,
				E49DBFED27F2F997004F891A /* Release */,
			);
			defaultConfigurationIsVisible = 0;
			defaultConfigurationName = Release;
		};
/* End XCConfigurationList section */
	};
	rootObject = E49DBFB327F2F994004F891A /* Project object */;
}
